
Microsoft Visual Studio Solution File, Format Version 12.00
# Visual Studio Version 17
VisualStudioVersion = 17.13.35931.197
MinimumVisualStudioVersion = 10.0.40219.1
Project("{FAE04EC0-301F-11D3-BF4B-00C04F79EFBC}") = "ProductMangemntiman", "ProductMangemntiman\ProductMangemntiman.csproj", "{45490647-B393-41C6-9C91-464F9DE9A85B}"
EndProject
Project("{FAE04EC0-301F-11D3-BF4B-00C04F79EFBC}") = "day9pra3", "day9pra3\day9pra3.csproj", "{5D29DFCD-2192-4D89-B025-58EC47CAB676}"
EndProject
Global
	GlobalSection(SolutionConfigurationPlatforms) = preSolution
		Debug|Any CPU = Debug|Any CPU
		Release|Any CPU = Release|Any CPU
	EndGlobalSection
	GlobalSection(ProjectConfigurationPlatforms) = postSolution
		{45490647-B393-41C6-9C91-464F9DE9A85B}.Debug|Any CPU.ActiveCfg = Debug|Any CPU
		{45490647-B393-41C6-9C91-464F9DE9A85B}.Debug|Any CPU.Build.0 = Debug|Any CPU
		{45490647-B393-41C6-9C91-464F9DE9A85B}.Release|Any CPU.ActiveCfg = Release|Any CPU
		{45490647-B393-41C6-9C91-464F9DE9A85B}.Release|Any CPU.Build.0 = Release|Any CPU
		{5D29DFCD-2192-4D89-B025-58EC47CAB676}.Debug|Any CPU.ActiveCfg = Debug|Any CPU
		{5D29DFCD-2192-4D89-B025-58EC47CAB676}.Debug|Any CPU.Build.0 = Debug|Any CPU
		{5D29DFCD-2192-4D89-B025-58EC47CAB676}.Release|Any CPU.ActiveCfg = Release|Any CPU
		{5D29DFCD-2192-4D89-B025-58EC47CAB676}.Release|Any CPU.Build.0 = Release|Any CPU
	EndGlobalSection
	GlobalSection(SolutionProperties) = preSolution
		HideSolutionNode = FALSE
	EndGlobalSection
	GlobalSection(ExtensibilityGlobals) = postSolution
		SolutionGuid = {63ABCD40-598D-49F1-A7AC-7CA211EB923D}
	EndGlobalSection
EndGlobal
